<?xml version="1.0" encoding="utf-8"?>
<Project ToolsVersion="4.0" xmlns="http://schemas.microsoft.com/developer/msbuild/2003">
  <ItemGroup>
    <Filter Include="ソース ファイル">
      <UniqueIdentifier>{4FC737F1-C7A5-4376-A066-2A32D752A2FF}</UniqueIdentifier>
      <Extensions>cpp;c;cc;cxx;def;odl;idl;hpj;bat;asm;asmx</Extensions>
    </Filter>
    <Filter Include="ヘッダー ファイル">
      <UniqueIdentifier>{93995380-89BD-4b04-88EB-625FBE52EBFB}</UniqueIdentifier>
      <Extensions>h;hh;hpp;hxx;hm;inl;inc;xsd</Extensions>
    </Filter>
    <Filter Include="リソース ファイル">
      <UniqueIdentifier>{67DA6AB6-F800-4c08-8B7A-83BB121AAD01}</UniqueIdentifier>
      <Extensions>rc;ico;cur;bmp;dlg;rc2;rct;bin;rgs;gif;jpg;jpeg;jpe;resx;tiff;tif;png;wav;mfcribbon-ms</Extensions>
    </Filter>
    <Filter Include="ソース ファイル\asmjit">
      <UniqueIdentifier>{8deed7bc-ae31-48e2-b1ed-ecb17bb24df4}</UniqueIdentifier>
    </Filter>
  </ItemGroup>
  <ItemGroup>
    <ClInclude Include="stdafx.h">
      <Filter>ヘッダー ファイル</Filter>
    </ClInclude>
    <ClInclude Include="targetver.h">
      <Filter>ヘッダー ファイル</Filter>
    </ClInclude>
    <ClInclude Include="..\src\ATN.hpp">
      <Filter>ヘッダー ファイル</Filter>
    </ClInclude>
    <ClInclude Include="..\src\CharClass.hpp">
      <Filter>ヘッダー ファイル</Filter>
    </ClInclude>
    <ClInclude Include="..\src\CodeGenEM64T.hpp">
      <Filter>ヘッダー ファイル</Filter>
    </ClInclude>
    <ClInclude Include="..\src\CompositeATN.hpp">
      <Filter>ヘッダー ファイル</Filter>
    </ClInclude>
    <ClInclude Include="..\src\DFA.hpp">
      <Filter>ヘッダー ファイル</Filter>
    </ClInclude>
    <ClInclude Include="..\src\Exception.hpp">
      <Filter>ヘッダー ファイル</Filter>
    </ClInclude>
    <ClInclude Include="..\src\Grammar.hpp">
      <Filter>ヘッダー ファイル</Filter>
    </ClInclude>
    <ClInclude Include="..\src\Identifier.hpp">
      <Filter>ヘッダー ファイル</Filter>
    </ClInclude>
    <ClInclude Include="..\src\LookaheadDFA.hpp">
      <Filter>ヘッダー ファイル</Filter>
    </ClInclude>
    <ClInclude Include="..\src\NFA.hpp">
      <Filter>ヘッダー ファイル</Filter>
    </ClInclude>
    <ClInclude Include="..\src\Stream.hpp">
      <Filter>ヘッダー ファイル</Filter>
    </ClInclude>
    <ClInclude Include="..\src\Util.hpp">
      <Filter>ヘッダー ファイル</Filter>
    </ClInclude>
    <ClInclude Include="..\src\BaseRunner.hpp">
      <Filter>ヘッダー ファイル</Filter>
    </ClInclude>
    <ClInclude Include="..\src\Stage1Runner.hpp">
      <Filter>ヘッダー ファイル</Filter>
    </ClInclude>
    <ClInclude Include="..\src\Stage2Runner.hpp">
      <Filter>ヘッダー ファイル</Filter>
    </ClInclude>
    <ClInclude Include="..\src\Stage3Runner.hpp">
      <Filter>ヘッダー ファイル</Filter>
    </ClInclude>
    <ClInclude Include="..\src\CodeGenCommonEM64T.hpp">
      <Filter>ヘッダー ファイル</Filter>
    </ClInclude>
    <ClInclude Include="..\src\CodeGenUtilsEM64T.hpp">
      <Filter>ヘッダー ファイル</Filter>
    </ClInclude>
    <ClInclude Include="..\src\BaseListener.hpp">
      <Filter>ヘッダー ファイル</Filter>
    </ClInclude>
    <ClInclude Include="..\src\ATNTranslator.hpp">
      <Filter>ヘッダー ファイル</Filter>
    </ClInclude>
    <ClInclude Include="..\src\Encoding.hpp">
      <Filter>ヘッダー ファイル</Filter>
    </ClInclude>
    <ClInclude Include="..\src\Grammar2.hpp">
      <Filter>ヘッダー ファイル</Filter>
    </ClInclude>
    <ClInclude Include="..\src\Stream2.hpp">
      <Filter>ヘッダー ファイル</Filter>
    </ClInclude>
  </ItemGroup>
  <ItemGroup>
    <ClCompile Include="..\src\ATN.cpp">
      <Filter>ソース ファイル</Filter>
    </ClCompile>
    <ClCompile Include="..\src\CharClass.cpp">
      <Filter>ソース ファイル</Filter>
    </ClCompile>
    <ClCompile Include="..\src\CodeGenEM64T.cpp">
      <Filter>ソース ファイル</Filter>
    </ClCompile>
    <ClCompile Include="..\src\CompositeATN.cpp">
      <Filter>ソース ファイル</Filter>
    </ClCompile>
    <ClCompile Include="..\src\main.cpp">
      <Filter>ソース ファイル</Filter>
    </ClCompile>
    <ClCompile Include="..\src\Util.cpp">
      <Filter>ソース ファイル</Filter>
    </ClCompile>
    <ClCompile Include="stdafx.cpp">
      <Filter>ソース ファイル</Filter>
    </ClCompile>
    <ClCompile Include="..\asmjit\src\asmjit\base\arch.cpp">
      <Filter>ソース ファイル\asmjit</Filter>
    </ClCompile>
    <ClCompile Include="..\asmjit\src\asmjit\base\assembler.cpp">
      <Filter>ソース ファイル\asmjit</Filter>
    </ClCompile>
    <ClCompile Include="..\asmjit\src\asmjit\base\codebuilder.cpp">
      <Filter>ソース ファイル\asmjit</Filter>
    </ClCompile>
    <ClCompile Include="..\asmjit\src\asmjit\base\codecompiler.cpp">
      <Filter>ソース ファイル\asmjit</Filter>
    </ClCompile>
    <ClCompile Include="..\asmjit\src\asmjit\base\codeemitter.cpp">
      <Filter>ソース ファイル\asmjit</Filter>
    </ClCompile>
    <ClCompile Include="..\asmjit\src\asmjit\base\codeholder.cpp">
      <Filter>ソース ファイル\asmjit</Filter>
    </ClCompile>
    <ClCompile Include="..\asmjit\src\asmjit\base\constpool.cpp">
      <Filter>ソース ファイル\asmjit</Filter>
    </ClCompile>
    <ClCompile Include="..\asmjit\src\asmjit\base\cpuinfo.cpp">
      <Filter>ソース ファイル\asmjit</Filter>
    </ClCompile>
    <ClCompile Include="..\asmjit\src\asmjit\base\func.cpp">
      <Filter>ソース ファイル\asmjit</Filter>
    </ClCompile>
    <ClCompile Include="..\asmjit\src\asmjit\base\globals.cpp">
      <Filter>ソース ファイル\asmjit</Filter>
    </ClCompile>
    <ClCompile Include="..\asmjit\src\asmjit\base\inst.cpp">
      <Filter>ソース ファイル\asmjit</Filter>
    </ClCompile>
    <ClCompile Include="..\asmjit\src\asmjit\base\logging.cpp">
      <Filter>ソース ファイル\asmjit</Filter>
    </ClCompile>
    <ClCompile Include="..\asmjit\src\asmjit\base\operand.cpp">
      <Filter>ソース ファイル\asmjit</Filter>
    </ClCompile>
    <ClCompile Include="..\asmjit\src\asmjit\base\osutils.cpp">
      <Filter>ソース ファイル\asmjit</Filter>
    </ClCompile>
    <ClCompile Include="..\asmjit\src\asmjit\base\regalloc.cpp">
      <Filter>ソース ファイル\asmjit</Filter>
    </ClCompile>
    <ClCompile Include="..\asmjit\src\asmjit\base\runtime.cpp">
      <Filter>ソース ファイル\asmjit</Filter>
    </ClCompile>
    <ClCompile Include="..\asmjit\src\asmjit\base\string.cpp">
      <Filter>ソース ファイル\asmjit</Filter>
    </ClCompile>
    <ClCompile Include="..\asmjit\src\asmjit\base\utils.cpp">
      <Filter>ソース ファイル\asmjit</Filter>
    </ClCompile>
    <ClCompile Include="..\asmjit\src\asmjit\base\vmem.cpp">
      <Filter>ソース ファイル\asmjit</Filter>
    </ClCompile>
    <ClCompile Include="..\asmjit\src\asmjit\base\zone.cpp">
      <Filter>ソース ファイル\asmjit</Filter>
    </ClCompile>
    <ClCompile Include="..\asmjit\src\asmjit\x86\x86assembler.cpp">
      <Filter>ソース ファイル\asmjit</Filter>
    </ClCompile>
    <ClCompile Include="..\asmjit\src\asmjit\x86\x86builder.cpp">
      <Filter>ソース ファイル\asmjit</Filter>
    </ClCompile>
    <ClCompile Include="..\asmjit\src\asmjit\x86\x86compiler.cpp">
      <Filter>ソース ファイル\asmjit</Filter>
    </ClCompile>
    <ClCompile Include="..\asmjit\src\asmjit\x86\x86inst.cpp">
      <Filter>ソース ファイル\asmjit</Filter>
    </ClCompile>
    <ClCompile Include="..\asmjit\src\asmjit\x86\x86instimpl.cpp">
      <Filter>ソース ファイル\asmjit</Filter>
    </ClCompile>
    <ClCompile Include="..\asmjit\src\asmjit\x86\x86internal.cpp">
      <Filter>ソース ファイル\asmjit</Filter>
    </ClCompile>
    <ClCompile Include="..\asmjit\src\asmjit\x86\x86logging.cpp">
      <Filter>ソース ファイル\asmjit</Filter>
    </ClCompile>
    <ClCompile Include="..\asmjit\src\asmjit\x86\x86operand.cpp">
      <Filter>ソース ファイル\asmjit</Filter>
    </ClCompile>
    <ClCompile Include="..\asmjit\src\asmjit\x86\x86operand_regs.cpp">
      <Filter>ソース ファイル\asmjit</Filter>
    </ClCompile>
    <ClCompile Include="..\asmjit\src\asmjit\x86\x86regalloc.cpp">
      <Filter>ソース ファイル\asmjit</Filter>
    </ClCompile>
  </ItemGroup>
</Project>